// !$*UTF8*$!
{
	archiveVersion = 1;
	classes = {
	};
	objectVersion = 46;
	objects = {

/* Begin PBXBuildFile section */
		DB1744391BC4C14D00D02B05 /* RCTPrivacySnapshot.h in CopyFiles */ = {isa = PBXBuildFile; fileRef = DB1744381BC4C14D00D02B05 /* RCTPrivacySnapshot.h */; };
		DB17443B1BC4C14D00D02B05 /* RCTPrivacySnapshot.m in Sources */ = {isa = PBXBuildFile; fileRef = DB17443A1BC4C14D00D02B05 /* RCTPrivacySnapshot.m */; };
		DB1744621BC4CE7C00D02B05 /* UIImage+ImageEffects.m in Sources */ = {isa = PBXBuildFile; fileRef = DB1744611BC4CE7C00D02B05 /* UIImage+ImageEffects.m */; settings = {ASSET_TAGS = (); }; };
/* End PBXBuildFile section */

/* Begin PBXCopyFilesBuildPhase section */
		DB1744331BC4C14D00D02B05 /* CopyFiles */ = {
			isa = PBXCopyFilesBuildPhase;
			buildActionMask = 2147483647;
			dstPath = "include/$(PRODUCT_NAME)";
			dstSubfolderSpec = 16;
			files = (
				DB1744391BC4C14D00D02B05 /* RCTPrivacySnapshot.h in CopyFiles */,
			);
			runOnlyForDeploymentPostprocessing = 0;
		};
/* End PBXCopyFilesBuildPhase section */

/* Begin PBXFileReference section */
		DB1744351BC4C14D00D02B05 /* libRCTPrivacySnapshot.a */ = {isa = PBXFileReference; explicitFileType = archive.ar; includeInIndex = 0; path = libRCTPrivacySnapshot.a; sourceTree = BUILT_PRODUCTS_DIR; };
		DB1744381BC4C14D00D02B05 /* RCTPrivacySnapshot.h */ = {isa = PBXFileReference; lastKnownFileType = sourcecode.c.h; path = RCTPrivacySnapshot.h; sourceTree = "<group>"; };
		DB17443A1BC4C14D00D02B05 /* RCTPrivacySnapshot.m */ = {isa = PBXFileReference; lastKnownFileType = sourcecode.c.objc; path = RCTPrivacySnapshot.m; sourceTree = "<group>"; };
		DB1744601BC4CE7C00D02B05 /* UIImage+ImageEffects.h */ = {isa = PBXFileReference; fileEncoding = 4; lastKnownFileType = sourcecode.c.h; path = "UIImage+ImageEffects.h"; sourceTree = "<group>"; };
		DB1744611BC4CE7C00D02B05 /* UIImage+ImageEffects.m */ = {isa = PBXFileReference; fileEncoding = 4; lastKnownFileType = sourcecode.c.objc; path = "UIImage+ImageEffects.m"; sourceTree = "<group>"; };
/* End PBXFileReference section */

/* Begin PBXFrameworksBuildPhase section */
		DB1744321BC4C14D00D02B05 /* Frameworks */ = {
			isa = PBXFrameworksBuildPhase;
			buildActionMask = 2147483647;
			files = (
			);
			runOnlyForDeploymentPostprocessing = 0;
		};
/* End PBXFrameworksBuildPhase section */

/* Begin PBXGroup section */
		DB17442C1BC4C14D00D02B05 = {
			isa = PBXGroup;
			children = (
				DB1744371BC4C14D00D02B05 /* RCTPrivacySnapshot */,
				DB1744361BC4C14D00D02B05 /* Products */,
			);
			sourceTree = "<group>";
		};
		DB1744361BC4C14D00D02B05 /* Products */ = {
			isa = PBXGroup;
			children = (
				DB1744351BC4C14D00D02B05 /* libRCTPrivacySnapshot.a */,
			);
			name = Products;
			sourceTree = "<group>";
		};
		DB1744371BC4C14D00D02B05 /* RCTPrivacySnapshot */ = {
			isa = PBXGroup;
			children = (
				DB1744381BC4C14D00D02B05 /* RCTPrivacySnapshot.h */,
				DB17443A1BC4C14D00D02B05 /* RCTPrivacySnapshot.m */,
				DB1744601BC4CE7C00D02B05 /* UIImage+ImageEffects.h */,
				DB1744611BC4CE7C00D02B05 /* UIImage+ImageEffects.m */,
			);
			path = RCTPrivacySnapshot;
			sourceTree = "<group>";
		};
/* End PBXGroup section */

/* Begin PBXNativeTarget section */
		DB1744341BC4C14D00D02B05 /* RCTPrivacySnapshot */ = {
			isa = PBXNativeTarget;
			buildConfigurationList = DB17443E1BC4C14D00D02B05 /* Build configuration list for PBXNativeTarget "RCTPrivacySnapshot" */;
			buildPhases = (
				DB1744311BC4C14D00D02B05 /* Sources */,
				DB1744321BC4C14D00D02B05 /* Frameworks */,
				DB1744331BC4C14D00D02B05 /* CopyFiles */,
			);
			buildRules = (
			);
			dependencies = (
			);
			name = RCTPrivacySnapshot;
			productName = RCTPrivacySnapshot;
			productReference = DB1744351BC4C14D00D02B05 /* libRCTPrivacySnapshot.a */;
			productType = "com.apple.product-type.library.static";
		};
/* End PBXNativeTarget section */

/* Begin PBXProject section */
		DB17442D1BC4C14D00D02B05 /* Project object */ = {
			isa = PBXProject;
			attributes = {
				LastUpgradeCheck = 0700;
				ORGANIZATIONNAME = "Kayla Technologies";
				TargetAttributes = {
					DB1744341BC4C14D00D02B05 = {
						CreatedOnToolsVersion = 7.0;
					};
				};
			};
			buildConfigurationList = DB1744301BC4C14D00D02B05 /* Build configuration list for PBXProject "RCTPrivacySnapshot" */;
			compatibilityVersion = "Xcode 3.2";
			developmentRegion = English;
			hasScannedForEncodings = 0;
			knownRegions = (
				en,
			);
			mainGroup = DB17442C1BC4C14D00D02B05;
			productRefGroup = DB1744361BC4C14D00D02B05 /* Products */;
			projectDirPath = "";
			projectRoot = "";
			targets = (
				DB1744341BC4C14D00D02B05 /* RCTPrivacySnapshot */,
			);
		};
/* End PBXProject section */

/* Begin PBXSourcesBuildPhase section */
		DB1744311BC4C14D00D02B05 /* Sources */ = {
			isa = PBXSourcesBuildPhase;
			buildActionMask = 2147483647;
			files = (
				DB1744621BC4CE7C00D02B05 /* UIImage+ImageEffects.m in Sources */,
				DB17443B1BC4C14D00D02B05 /* RCTPrivacySnapshot.m in Sources */,
			);
			runOnlyForDeploymentPostprocessing = 0;
		};
/* End PBXSourcesBuildPhase section */

/* Begin XCBuildConfiguration section */
		DB17443C1BC4C14D00D02B05 /* Debug */ = {
			isa = XCBuildConfiguration;
			buildSettings = {
				ALWAYS_SEARCH_USER_PATHS = NO;
				CLANG_CXX_LANGUAGE_STANDARD = "gnu++0x";
				CLANG_CXX_LIBRARY = "libc++";
				CLANG_ENABLE_MODULES = YES;
				CLANG_ENABLE_OBJC_ARC = YES;
				CLANG_WARN_BOOL_CONVERSION = YES;
				CLANG_WARN_CONSTANT_CONVERSION = YES;
				CLANG_WARN_DIRECT_OBJC_ISA_USAGE = YES_ERROR;
				CLANG_WARN_EMPTY_BODY = YES;
				CLANG_WARN_ENUM_CONVERSION = YES;
				CLANG_WARN_INT_CONVERSION = YES;
				CLANG_WARN_OBJC_ROOT_CLASS = YES_ERROR;
				CLANG_WARN_UNREACHABLE_CODE = YES;
				CLANG_WARN__DUPLICATE_METHOD_MATCH = YES;
				COPY_PHASE_STRIP = NO;
				DEBUG_INFORMATION_FORMAT = dwarf;
				ENABLE_STRICT_OBJC_MSGSEND = YES;
				ENABLE_TESTABILITY = YES;
				GCC_C_LANGUAGE_STANDARD = gnu99;
				GCC_DYNAMIC_NO_PIC = NO;
				GCC_NO_COMMON_BLOCKS = YES;
				GCC_OPTIMIZATION_LEVEL = 0;
				GCC_PREPROCESSOR_DEFINITIONS = (
					"DEBUG=1",
					"$(inherited)",
				);
				GCC_WARN_64_TO_32_BIT_CONVERSION = YES;
				GCC_WARN_ABOUT_RETURN_TYPE = YES_ERROR;
				GCC_WARN_UNDECLARED_SELECTOR = YES;
				GCC_WARN_UNINITIALIZED_AUTOS = YES_AGGRESSIVE;
				GCC_WARN_UNUSED_FUNCTION = YES;
				GCC_WARN_UNUSED_VARIABLE = YES;
				IPHONEOS_DEPLOYMENT_TARGET = 9.0;
				MTL_ENABLE_DEBUG_INFO = YES;
				ONLY_ACTIVE_ARCH = YES;
				SDKROOT = iphoneos;
			};
			name = Debug;
		};
		DB17443D1BC4C14D00D02B05 /* Release */ = {
			isa = XCBuildConfiguration;
			buildSettings = {
				ALWAYS_SEARCH_USER_PATHS = NO;
				CLANG_CXX_LANGUAGE_STANDARD = "gnu++0x";
				CLANG_CXX_LIBRARY = "libc++";
				CLANG_ENABLE_MODULES = YES;
				CLANG_ENABLE_OBJC_ARC = YES;
				CLANG_WARN_BOOL_CONVERSION = YES;
				CLANG_WARN_CONSTANT_CONVERSION = YES;
				CLANG_WARN_DIRECT_OBJC_ISA_USAGE = YES_ERROR;
				CLANG_WARN_EMPTY_BODY = YES;
				CLANG_WARN_ENUM_CONVERSION = YES;
				CLANG_WARN_INT_CONVERSION = YES;
				CLANG_WARN_OBJC_ROOT_CLASS = YES_ERROR;
				CLANG_WARN_UNREACHABLE_CODE = YES;
				CLANG_WARN__DUPLICATE_METHOD_MATCH = YES;
				COPY_PHASE_STRIP = NO;
				DEBUG_INFORMATION_FORMAT = "dwarf-with-dsym";
				ENABLE_NS_ASSERTIONS = NO;
				ENABLE_STRICT_OBJC_MSGSEND = YES;
				GCC_C_LANGUAGE_STANDARD = gnu99;
				GCC_NO_COMMON_BLOCKS = YES;
				GCC_WARN_64_TO_32_BIT_CONVERSION = YES;
				GCC_WARN_ABOUT_RETURN_TYPE = YES_ERROR;
				GCC_WARN_UNDECLARED_SELECTOR = YES;
				GCC_WARN_UNINITIALIZED_AUTOS = YES_AGGRESSIVE;
				GCC_WARN_UNUSED_FUNCTION = YES;
				GCC_WARN_UNUSED_VARIABLE = YES;
				IPHONEOS_DEPLOYMENT_TARGET = 9.0;
				MTL_ENABLE_DEBUG_INFO = NO;
				SDKROOT = iphoneos;
				VALIDATE_PRODUCT = YES;
			};
			name = Release;
		};
		DB17443F1BC4C14D00D02B05 /* Debug */ = {
			isa = XCBuildConfiguration;
			buildSettings = {
				HEADER_SEARCH_PATHS = (
					"$(inherited)",
					"$(SRCROOT)/../react-native/React/**",
					"$(SRCROOT)/node_modules/react-native/React",
					"$(SRCROOT)/../../../ios/Pods/Headers/Public/**",
				);
				LIBRARY_SEARCH_PATHS = "$(inherited)";
				OTHER_LDFLAGS = "-ObjC";
				PRODUCT_NAME = "$(TARGET_NAME)";
				SKIP_INSTALL = YES;
			};
			name = Debug;
		};
		DB1744401BC4C14D00D02B05 /* Release */ = {
			isa = XCBuildConfiguration;
			buildSettings = {
				HEADER_SEARCH_PATHS = (
					"$(inherited)",
					"$(SRCROOT)/../react-native/React/**",
					"$(SRCROOT)/node_modules/react-native/React",
					"$(SRCROOT)/../../../ios/Pods/Headers/Public/**",
				);
				LIBRARY_SEARCH_PATHS = "$(inherited)";
				OTHER_LDFLAGS = "-ObjC";
				PRODUCT_NAME = "$(TARGET_NAME)";
				SKIP_INSTALL = YES;
			};
			name = Release;
		};
/* End XCBuildConfiguration section */

/* Begin XCConfigurationList section */
		DB1744301BC4C14D00D02B05 /* Build configuration list for PBXProject "RCTPrivacySnapshot" */ = {
			isa = XCConfigurationList;
			buildConfigurations = (
				DB17443C1BC4C14D00D02B05 /* Debug */,
				DB17443D1BC4C14D00D02B05 /* Release */,
			);
			defaultConfigurationIsVisible = 0;
			defaultConfigurationName = Release;
		};
		DB17443E1BC4C14D00D02B05 /* Build configuration list for PBXNativeTarget "RCTPrivacySnapshot" */ = {
			isa = XCConfigurationList;
			buildConfigurations = (
				DB17443F1BC4C14D00D02B05 /* Debug */,
				DB1744401BC4C14D00D02B05 /* Release */,
			);
			defaultConfigurationIsVisible = 0;
			defaultConfigurationName = Release;
		};
/* End XCConfigurationList section */
	};
	rootObject = DB17442D1BC4C14D00D02B05 /* Project object */;
}
